
Microsoft Visual Studio Solution File, Format Version 12.00
Project("{2150E333-8FDC-42A3-9474-1A3956D46DE8}") = "Presentation", "Presentation", "{0EC56CA3-EAE4-49EB-8F33-5749567B1F9B}"
EndProject
Project("{2150E333-8FDC-42A3-9474-1A3956D46DE8}") = "BuberDinner.Api", "BuberDinner.Api", "{7B7F064A-1B0E-4ECB-965F-03B28AFC0789}"
EndProject
Project("{2150E333-8FDC-42A3-9474-1A3956D46DE8}") = "src", "src", "{9DD894FA-0D5C-437A-B934-A6769FEA7B15}"
EndProject
Project("{FAE04EC0-301F-11D3-BF4B-00C04F79EFBC}") = "BuberDinner.Api", "Presentation\BuberDinner.Api\src\BuberDinner.Api\BuberDinner.Api.csproj", "{143E62CB-B5B3-4849-BD1F-4225E3434499}"
EndProject
Project("{2150E333-8FDC-42A3-9474-1A3956D46DE8}") = "BuberDinner.Contracts", "BuberDinner.Contracts", "{41F3D2FB-740A-432F-A62B-8C76004F86A1}"
EndProject
Project("{2150E333-8FDC-42A3-9474-1A3956D46DE8}") = "src", "src", "{D4C9339B-5FCE-4CF3-8E88-3568C7317FD5}"
EndProject
Project("{FAE04EC0-301F-11D3-BF4B-00C04F79EFBC}") = "BuberDinner.Contracts", "Presentation\BuberDinner.Contracts\src\BuberDinner.Contracts\BuberDinner.Contracts.csproj", "{FA7EE02C-B362-4D52-8B0D-2D684973870E}"
EndProject
Project("{2150E333-8FDC-42A3-9474-1A3956D46DE8}") = "Infrastructure", "Infrastructure", "{3BDA87D7-A3E0-4347-87D1-CEB11BB5B057}"
EndProject
Project("{2150E333-8FDC-42A3-9474-1A3956D46DE8}") = "BuberDinner.Infrastructure", "BuberDinner.Infrastructure", "{8E083FD3-4EEB-44B8-834D-0B493EA52101}"
EndProject
Project("{2150E333-8FDC-42A3-9474-1A3956D46DE8}") = "src", "src", "{3DF350EB-A95D-4373-9B84-2BBB576D1BFE}"
EndProject
Project("{FAE04EC0-301F-11D3-BF4B-00C04F79EFBC}") = "BuberDinner.Infrastructure", "Infrastructure\BuberDinner.Infrastructure\src\BuberDinner.Infrastructure\BuberDinner.Infrastructure.csproj", "{8E4D4001-420F-42A7-99D1-A2B334C45389}"
EndProject
Project("{2150E333-8FDC-42A3-9474-1A3956D46DE8}") = "Application", "Application", "{E1CD9AF5-5362-4534-AC3D-4E8F888B623F}"
EndProject
Project("{2150E333-8FDC-42A3-9474-1A3956D46DE8}") = "BuberDinner.Application", "BuberDinner.Application", "{18C08D67-7CE9-4F17-9AD5-EA586E4DCCA0}"
EndProject
Project("{2150E333-8FDC-42A3-9474-1A3956D46DE8}") = "src", "src", "{09CB8DC0-8A13-449F-AC49-C6D2D41C3794}"
EndProject
Project("{FAE04EC0-301F-11D3-BF4B-00C04F79EFBC}") = "BuberDinner.Application", "Application\BuberDinner.Application\src\BuberDinner.Application\BuberDinner.Application.csproj", "{E54331C1-C2C8-498E-9BEE-47A000C94D77}"
EndProject
Project("{2150E333-8FDC-42A3-9474-1A3956D46DE8}") = "Domain", "Domain", "{2703CDE3-F655-45AD-93C6-6C289796E84F}"
EndProject
Project("{2150E333-8FDC-42A3-9474-1A3956D46DE8}") = "BuberDinner.Domain", "BuberDinner.Domain", "{F700B159-D4C9-4232-BB0A-BFB1166D8CE3}"
EndProject
Project("{2150E333-8FDC-42A3-9474-1A3956D46DE8}") = "src", "src", "{7F75C520-C54C-4F9E-AAB8-7230B8C945D0}"
EndProject
Project("{FAE04EC0-301F-11D3-BF4B-00C04F79EFBC}") = "BuberDinner.Domain", "Domain\BuberDinner.Domain\src\BuberDinner.Domain\BuberDinner.Domain.csproj", "{C3B42C17-FE95-4FC7-8592-D05D38B57F07}"
EndProject
Global
	GlobalSection(SolutionConfigurationPlatforms) = preSolution
		Debug|Any CPU = Debug|Any CPU
		Release|Any CPU = Release|Any CPU
	EndGlobalSection
	GlobalSection(NestedProjects) = preSolution
		{7B7F064A-1B0E-4ECB-965F-03B28AFC0789} = {0EC56CA3-EAE4-49EB-8F33-5749567B1F9B}
		{9DD894FA-0D5C-437A-B934-A6769FEA7B15} = {7B7F064A-1B0E-4ECB-965F-03B28AFC0789}
		{143E62CB-B5B3-4849-BD1F-4225E3434499} = {9DD894FA-0D5C-437A-B934-A6769FEA7B15}
		{41F3D2FB-740A-432F-A62B-8C76004F86A1} = {0EC56CA3-EAE4-49EB-8F33-5749567B1F9B}
		{D4C9339B-5FCE-4CF3-8E88-3568C7317FD5} = {41F3D2FB-740A-432F-A62B-8C76004F86A1}
		{FA7EE02C-B362-4D52-8B0D-2D684973870E} = {D4C9339B-5FCE-4CF3-8E88-3568C7317FD5}
		{8E083FD3-4EEB-44B8-834D-0B493EA52101} = {3BDA87D7-A3E0-4347-87D1-CEB11BB5B057}
		{3DF350EB-A95D-4373-9B84-2BBB576D1BFE} = {8E083FD3-4EEB-44B8-834D-0B493EA52101}
		{8E4D4001-420F-42A7-99D1-A2B334C45389} = {3DF350EB-A95D-4373-9B84-2BBB576D1BFE}
		{18C08D67-7CE9-4F17-9AD5-EA586E4DCCA0} = {E1CD9AF5-5362-4534-AC3D-4E8F888B623F}
		{09CB8DC0-8A13-449F-AC49-C6D2D41C3794} = {18C08D67-7CE9-4F17-9AD5-EA586E4DCCA0}
		{E54331C1-C2C8-498E-9BEE-47A000C94D77} = {09CB8DC0-8A13-449F-AC49-C6D2D41C3794}
		{F700B159-D4C9-4232-BB0A-BFB1166D8CE3} = {2703CDE3-F655-45AD-93C6-6C289796E84F}
		{7F75C520-C54C-4F9E-AAB8-7230B8C945D0} = {F700B159-D4C9-4232-BB0A-BFB1166D8CE3}
		{C3B42C17-FE95-4FC7-8592-D05D38B57F07} = {7F75C520-C54C-4F9E-AAB8-7230B8C945D0}
	EndGlobalSection
	GlobalSection(ProjectConfigurationPlatforms) = postSolution
		{143E62CB-B5B3-4849-BD1F-4225E3434499}.Debug|Any CPU.ActiveCfg = Debug|Any CPU
		{143E62CB-B5B3-4849-BD1F-4225E3434499}.Debug|Any CPU.Build.0 = Debug|Any CPU
		{143E62CB-B5B3-4849-BD1F-4225E3434499}.Release|Any CPU.ActiveCfg = Release|Any CPU
		{143E62CB-B5B3-4849-BD1F-4225E3434499}.Release|Any CPU.Build.0 = Release|Any CPU
		{FA7EE02C-B362-4D52-8B0D-2D684973870E}.Debug|Any CPU.ActiveCfg = Debug|Any CPU
		{FA7EE02C-B362-4D52-8B0D-2D684973870E}.Debug|Any CPU.Build.0 = Debug|Any CPU
		{FA7EE02C-B362-4D52-8B0D-2D684973870E}.Release|Any CPU.ActiveCfg = Release|Any CPU
		{FA7EE02C-B362-4D52-8B0D-2D684973870E}.Release|Any CPU.Build.0 = Release|Any CPU
		{8E4D4001-420F-42A7-99D1-A2B334C45389}.Debug|Any CPU.ActiveCfg = Debug|Any CPU
		{8E4D4001-420F-42A7-99D1-A2B334C45389}.Debug|Any CPU.Build.0 = Debug|Any CPU
		{8E4D4001-420F-42A7-99D1-A2B334C45389}.Release|Any CPU.ActiveCfg = Release|Any CPU
		{8E4D4001-420F-42A7-99D1-A2B334C45389}.Release|Any CPU.Build.0 = Release|Any CPU
		{E54331C1-C2C8-498E-9BEE-47A000C94D77}.Debug|Any CPU.ActiveCfg = Debug|Any CPU
		{E54331C1-C2C8-498E-9BEE-47A000C94D77}.Debug|Any CPU.Build.0 = Debug|Any CPU
		{E54331C1-C2C8-498E-9BEE-47A000C94D77}.Release|Any CPU.ActiveCfg = Release|Any CPU
		{E54331C1-C2C8-498E-9BEE-47A000C94D77}.Release|Any CPU.Build.0 = Release|Any CPU
		{C3B42C17-FE95-4FC7-8592-D05D38B57F07}.Debug|Any CPU.ActiveCfg = Debug|Any CPU
		{C3B42C17-FE95-4FC7-8592-D05D38B57F07}.Debug|Any CPU.Build.0 = Debug|Any CPU
		{C3B42C17-FE95-4FC7-8592-D05D38B57F07}.Release|Any CPU.ActiveCfg = Release|Any CPU
		{C3B42C17-FE95-4FC7-8592-D05D38B57F07}.Release|Any CPU.Build.0 = Release|Any CPU
	EndGlobalSection
EndGlobal
